
Microsoft Visual Studio Solution File, Format Version 12.00
# Visual Studio Version 16
VisualStudioVersion = 16.0.29728.190
MinimumVisualStudioVersion = 10.0.40219.1
Project("{9A19103F-16F7-4668-BE54-9A1E7A4F7556}") = "LikeBusLogistic.Web", "LikeBusLogistic.Web\LikeBusLogistic.Web.csproj", "{A57A4F5E-7689-4EE1-AE77-ED5DED3CCA63}"
EndProject
Project("{9A19103F-16F7-4668-BE54-9A1E7A4F7556}") = "LikeBusLogistic.DAL", "LikeBusLogistic.DAL\LikeBusLogistic.DAL.csproj", "{5274E3E2-084A-400D-9150-C589FC146DE9}"
EndProject
Project("{2150E333-8FDC-42A3-9474-1A3956D46DE8}") = "LikeBusLogistic.Scripts", "LikeBusLogistic.Scripts", "{33E9DFB1-CC9E-4375-A976-609104F959F2}"
	ProjectSection(SolutionItems) = preProject
		LikeBusLogistic.Scripts\0.sql = LikeBusLogistic.Scripts\0.sql
		LikeBusLogistic.Scripts\1.sql = LikeBusLogistic.Scripts\1.sql
		LikeBusLogistic.Scripts\2.sql = LikeBusLogistic.Scripts\2.sql
		LikeBusLogistic.Scripts\3.1.sql = LikeBusLogistic.Scripts\3.1.sql
		LikeBusLogistic.Scripts\3.sql = LikeBusLogistic.Scripts\3.sql
		LikeBusLogistic.Scripts\4.sql = LikeBusLogistic.Scripts\4.sql
	EndProjectSection
EndProject
Project("{9A19103F-16F7-4668-BE54-9A1E7A4F7556}") = "LikeBusLogistic.VM", "LikeBusLogistic.VM\LikeBusLogistic.VM.csproj", "{EEC1196A-2A7F-4296-BD10-8C158AF18181}"
EndProject
Project("{9A19103F-16F7-4668-BE54-9A1E7A4F7556}") = "LikeBusLogistic.BLL", "LikeBusLogistic.BLL\LikeBusLogistic.BLL.csproj", "{0AB7A57F-0C47-4401-A827-4A2DC37A9476}"
EndProject
Project("{2150E333-8FDC-42A3-9474-1A3956D46DE8}") = "ExternalServices", "ExternalServices", "{9B0FAC55-9FA8-4808-A8B6-BDD90A059B23}"
EndProject
Project("{9A19103F-16F7-4668-BE54-9A1E7A4F7556}") = "JwtAuthenticationHelper", "JwtAuthenticationHelper\JwtAuthenticationHelper.csproj", "{5D026F1F-BD26-45A4-A319-E3D97356CFB2}"
EndProject
Project("{9A19103F-16F7-4668-BE54-9A1E7A4F7556}") = "AutoDataLayerGenerator", "AutoDataLayerGenerator\AutoDataLayerGenerator.csproj", "{D4097494-84E3-43EC-93AC-78731CA10F8D}"
EndProject
Global
	GlobalSection(SolutionConfigurationPlatforms) = preSolution
		Debug|Any CPU = Debug|Any CPU
		Release|Any CPU = Release|Any CPU
	EndGlobalSection
	GlobalSection(ProjectConfigurationPlatforms) = postSolution
		{A57A4F5E-7689-4EE1-AE77-ED5DED3CCA63}.Debug|Any CPU.ActiveCfg = Debug|Any CPU
		{A57A4F5E-7689-4EE1-AE77-ED5DED3CCA63}.Debug|Any CPU.Build.0 = Debug|Any CPU
		{A57A4F5E-7689-4EE1-AE77-ED5DED3CCA63}.Release|Any CPU.ActiveCfg = Release|Any CPU
		{A57A4F5E-7689-4EE1-AE77-ED5DED3CCA63}.Release|Any CPU.Build.0 = Release|Any CPU
		{5274E3E2-084A-400D-9150-C589FC146DE9}.Debug|Any CPU.ActiveCfg = Debug|Any CPU
		{5274E3E2-084A-400D-9150-C589FC146DE9}.Debug|Any CPU.Build.0 = Debug|Any CPU
		{5274E3E2-084A-400D-9150-C589FC146DE9}.Release|Any CPU.ActiveCfg = Release|Any CPU
		{5274E3E2-084A-400D-9150-C589FC146DE9}.Release|Any CPU.Build.0 = Release|Any CPU
		{EEC1196A-2A7F-4296-BD10-8C158AF18181}.Debug|Any CPU.ActiveCfg = Debug|Any CPU
		{EEC1196A-2A7F-4296-BD10-8C158AF18181}.Debug|Any CPU.Build.0 = Debug|Any CPU
		{EEC1196A-2A7F-4296-BD10-8C158AF18181}.Release|Any CPU.ActiveCfg = Release|Any CPU
		{EEC1196A-2A7F-4296-BD10-8C158AF18181}.Release|Any CPU.Build.0 = Release|Any CPU
		{0AB7A57F-0C47-4401-A827-4A2DC37A9476}.Debug|Any CPU.ActiveCfg = Debug|Any CPU
		{0AB7A57F-0C47-4401-A827-4A2DC37A9476}.Debug|Any CPU.Build.0 = Debug|Any CPU
		{0AB7A57F-0C47-4401-A827-4A2DC37A9476}.Release|Any CPU.ActiveCfg = Release|Any CPU
		{0AB7A57F-0C47-4401-A827-4A2DC37A9476}.Release|Any CPU.Build.0 = Release|Any CPU
		{5D026F1F-BD26-45A4-A319-E3D97356CFB2}.Debug|Any CPU.ActiveCfg = Debug|Any CPU
		{5D026F1F-BD26-45A4-A319-E3D97356CFB2}.Debug|Any CPU.Build.0 = Debug|Any CPU
		{5D026F1F-BD26-45A4-A319-E3D97356CFB2}.Release|Any CPU.ActiveCfg = Release|Any CPU
		{5D026F1F-BD26-45A4-A319-E3D97356CFB2}.Release|Any CPU.Build.0 = Release|Any CPU
		{D4097494-84E3-43EC-93AC-78731CA10F8D}.Debug|Any CPU.ActiveCfg = Debug|Any CPU
		{D4097494-84E3-43EC-93AC-78731CA10F8D}.Debug|Any CPU.Build.0 = Debug|Any CPU
		{D4097494-84E3-43EC-93AC-78731CA10F8D}.Release|Any CPU.ActiveCfg = Release|Any CPU
		{D4097494-84E3-43EC-93AC-78731CA10F8D}.Release|Any CPU.Build.0 = Release|Any CPU
	EndGlobalSection
	GlobalSection(SolutionProperties) = preSolution
		HideSolutionNode = FALSE
	EndGlobalSection
	GlobalSection(NestedProjects) = preSolution
		{5D026F1F-BD26-45A4-A319-E3D97356CFB2} = {9B0FAC55-9FA8-4808-A8B6-BDD90A059B23}
		{D4097494-84E3-43EC-93AC-78731CA10F8D} = {9B0FAC55-9FA8-4808-A8B6-BDD90A059B23}
	EndGlobalSection
	GlobalSection(ExtensibilityGlobals) = postSolution
		SolutionGuid = {9A67B8D6-8A66-4A97-AA40-0268D0F9CF38}
	EndGlobalSection
EndGlobal
